Microsoft Visual Studio Solution File, Format Version 12.00
# Visual Studio Version 16
VisualStudioVersion = 16.0.30517.126
MinimumVisualStudioVersion = 10.0.40219.1
Project("{9A19103F-16F7-4668-BE54-9A1E7A4F7556}") = "TechJobsPersistent", "TechJobsPersistent\TechJobsPersistent.csproj", "{55F6C1E1-1259-4588-8298-7FE8C238BDEF}"
EndProject
Global
	GlobalSection(SolutionConfigurationPlatforms) = preSolution
		Debug|Any CPU = Debug|Any CPU
		Debug|x64 = Debug|x64
		Release|Any CPU = Release|Any CPU
		Release|x64 = Release|x64
	EndGlobalSection
	GlobalSection(ProjectConfigurationPlatforms) = postSolution
		{55F6C1E1-1259-4588-8298-7FE8C238BDEF}.Debug|Any CPU.ActiveCfg = Debug|Any CPU
		{55F6C1E1-1259-4588-8298-7FE8C238BDEF}.Debug|Any CPU.Build.0 = Debug|Any CPU
		{55F6C1E1-1259-4588-8298-7FE8C238BDEF}.Debug|x64.ActiveCfg = Debug|x64
		{55F6C1E1-1259-4588-8298-7FE8C238BDEF}.Debug|x64.Build.0 = Debug|x64
		{55F6C1E1-1259-4588-8298-7FE8C238BDEF}.Release|Any CPU.ActiveCfg = Release|Any CPU
		{55F6C1E1-1259-4588-8298-7FE8C238BDEF}.Release|Any CPU.Build.0 = Release|Any CPU
		{55F6C1E1-1259-4588-8298-7FE8C238BDEF}.Release|x64.ActiveCfg = Release|x64
		{55F6C1E1-1259-4588-8298-7FE8C238BDEF}.Release|x64.Build.0 = Release|x64
	EndGlobalSection
	GlobalSection(SolutionProperties) = preSolution
		HideSolutionNode = FALSE
	EndGlobalSection
	GlobalSection(ExtensibilityGlobals) = postSolution
		SolutionGuid = {3910A461-4436-4470-9A5B-20DFFC76E444}
	EndGlobalSection
EndGlobal
